
Microsoft Visual Studio Solution File, Format Version 12.00
# Visual Studio Version 16
VisualStudioVersion = 16.0.29306.81
MinimumVisualStudioVersion = 10.0.40219.1
Project("{FAE04EC0-301F-11D3-BF4B-00C04F79EFBC}") = "WebAppMAINCORE", "WebAppMAINCORE\WebAppMAINCORE.csproj", "{111FAFC3-2C82-459A-84E3-41309E3A9722}"
EndProject
Project("{FAE04EC0-301F-11D3-BF4B-00C04F79EFBC}") = "ConsumirDummy", "ConsumirDummy\ConsumirDummy.csproj", "{2EE3F7DB-F630-455F-8946-45C331F5A46C}"
EndProject
Global
	GlobalSection(SolutionConfigurationPlatforms) = preSolution
		Debug|Any CPU = Debug|Any CPU
		Release|Any CPU = Release|Any CPU
	EndGlobalSection
	GlobalSection(ProjectConfigurationPlatforms) = postSolution
		{111FAFC3-2C82-459A-84E3-41309E3A9722}.Debug|Any CPU.ActiveCfg = Debug|Any CPU
		{111FAFC3-2C82-459A-84E3-41309E3A9722}.Debug|Any CPU.Build.0 = Debug|Any CPU
		{111FAFC3-2C82-459A-84E3-41309E3A9722}.Release|Any CPU.ActiveCfg = Release|Any CPU
		{111FAFC3-2C82-459A-84E3-41309E3A9722}.Release|Any CPU.Build.0 = Release|Any CPU
		{2EE3F7DB-F630-455F-8946-45C331F5A46C}.Debug|Any CPU.ActiveCfg = Debug|Any CPU
		{2EE3F7DB-F630-455F-8946-45C331F5A46C}.Debug|Any CPU.Build.0 = Debug|Any CPU
		{2EE3F7DB-F630-455F-8946-45C331F5A46C}.Release|Any CPU.ActiveCfg = Release|Any CPU
		{2EE3F7DB-F630-455F-8946-45C331F5A46C}.Release|Any CPU.Build.0 = Release|Any CPU
	EndGlobalSection
	GlobalSection(SolutionProperties) = preSolution
		HideSolutionNode = FALSE
	EndGlobalSection
	GlobalSection(ExtensibilityGlobals) = postSolution
		SolutionGuid = {3F511B5D-39F0-4638-828E-5A4BE83DA96E}
	EndGlobalSection
EndGlobal
